
Microsoft Visual Studio Solution File, Format Version 12.00
# Visual Studio Version 17
VisualStudioVersion = 17.5.002.0
MinimumVisualStudioVersion = 10.0.40219.1
Project("{9A19103F-16F7-4668-BE54-9A1E7A4F7556}") = "Frågesport", "Frågesport.csproj", "{99348591-80E1-43E2-AC57-23DD090B6CCB}"
EndProject
Global
	GlobalSection(SolutionConfigurationPlatforms) = preSolution
		Debug|Any CPU = Debug|Any CPU
		Release|Any CPU = Release|Any CPU
	EndGlobalSection
	GlobalSection(ProjectConfigurationPlatforms) = postSolution
		{99348591-80E1-43E2-AC57-23DD090B6CCB}.Debug|Any CPU.ActiveCfg = Debug|Any CPU
		{99348591-80E1-43E2-AC57-23DD090B6CCB}.Debug|Any CPU.Build.0 = Debug|Any CPU
		{99348591-80E1-43E2-AC57-23DD090B6CCB}.Release|Any CPU.ActiveCfg = Release|Any CPU
		{99348591-80E1-43E2-AC57-23DD090B6CCB}.Release|Any CPU.Build.0 = Release|Any CPU
	EndGlobalSection
	GlobalSection(SolutionProperties) = preSolution
		HideSolutionNode = FALSE
	EndGlobalSection
	GlobalSection(ExtensibilityGlobals) = postSolution
		SolutionGuid = {9723FB8A-5600-46BA-B824-C926DF6EA5C8}
	EndGlobalSection
EndGlobal
